// !$*UTF8*$!
{
	archiveVersion = 1;
	classes = {
	};
	objectVersion = 56;
	objects = {

/* Begin PBXBuildFile section */
		535867CD2A9741CD00FBCA71 /* AppDelegate.swift in Sources */ = {isa = PBXBuildFile; fileRef = 535867CC2A9741CD00FBCA71 /* AppDelegate.swift */; };
		535867CF2A9741CD00FBCA71 /* SceneDelegate.swift in Sources */ = {isa = PBXBuildFile; fileRef = 535867CE2A9741CD00FBCA71 /* SceneDelegate.swift */; };
		535867D12A9741CD00FBCA71 /* ChecklistViewController.swift in Sources */ = {isa = PBXBuildFile; fileRef = 535867D02A9741CD00FBCA71 /* ChecklistViewController.swift */; };
		535867D42A9741CD00FBCA71 /* Main.storyboard in Resources */ = {isa = PBXBuildFile; fileRef = 535867D22A9741CD00FBCA71 /* Main.storyboard */; };
		535867D62A9741CE00FBCA71 /* Assets.xcassets in Resources */ = {isa = PBXBuildFile; fileRef = 535867D52A9741CE00FBCA71 /* Assets.xcassets */; };
		535867D92A9741CE00FBCA71 /* LaunchScreen.storyboard in Resources */ = {isa = PBXBuildFile; fileRef = 535867D72A9741CE00FBCA71 /* LaunchScreen.storyboard */; };
		535867E42A9741CE00FBCA71 /* ChecklistsTests.swift in Sources */ = {isa = PBXBuildFile; fileRef = 535867E32A9741CE00FBCA71 /* ChecklistsTests.swift */; };
		535867EE2A9741CE00FBCA71 /* ChecklistsUITests.swift in Sources */ = {isa = PBXBuildFile; fileRef = 535867ED2A9741CE00FBCA71 /* ChecklistsUITests.swift */; };
		535867F02A9741CE00FBCA71 /* ChecklistsUITestsLaunchTests.swift in Sources */ = {isa = PBXBuildFile; fileRef = 535867EF2A9741CE00FBCA71 /* ChecklistsUITestsLaunchTests.swift */; };
		535D36F52A9B3A1E001ADD4A /* AddItemTableViewController.swift in Sources */ = {isa = PBXBuildFile; fileRef = 535D36F42A9B3A1E001ADD4A /* AddItemTableViewController.swift */; };
		53608ADF2A99E7A50071EB5C /* ChecklistItem.swift in Sources */ = {isa = PBXBuildFile; fileRef = 53608ADE2A99E7A50071EB5C /* ChecklistItem.swift */; };
/* End PBXBuildFile section */

/* Begin PBXContainerItemProxy section */
		535867E02A9741CE00FBCA71 /* PBXContainerItemProxy */ = {
			isa = PBXContainerItemProxy;
			containerPortal = 535867C12A9741CD00FBCA71 /* Project object */;
			proxyType = 1;
			remoteGlobalIDString = 535867C82A9741CD00FBCA71;
			remoteInfo = Checklists;
		};
		535867EA2A9741CE00FBCA71 /* PBXContainerItemProxy */ = {
			isa = PBXContainerItemProxy;
			containerPortal = 535867C12A9741CD00FBCA71 /* Project object */;
			proxyType = 1;
			remoteGlobalIDString = 535867C82A9741CD00FBCA71;
			remoteInfo = Checklists;
		};
/* End PBXContainerItemProxy section */

/* Begin PBXFileReference section */
		535867C92A9741CD00FBCA71 /* Checklists.app */ = {isa = PBXFileReference; explicitFileType = wrapper.application; includeInIndex = 0; path = Checklists.app; sourceTree = BUILT_PRODUCTS_DIR; };
		535867CC2A9741CD00FBCA71 /* AppDelegate.swift */ = {isa = PBXFileReference; lastKnownFileType = sourcecode.swift; path = AppDelegate.swift; sourceTree = "<group>"; };
		535867CE2A9741CD00FBCA71 /* SceneDelegate.swift */ = {isa = PBXFileReference; lastKnownFileType = sourcecode.swift; path = SceneDelegate.swift; sourceTree = "<group>"; };
		535867D02A9741CD00FBCA71 /* ChecklistViewController.swift */ = {isa = PBXFileReference; lastKnownFileType = sourcecode.swift; path = ChecklistViewController.swift; sourceTree = "<group>"; };
		535867D32A9741CD00FBCA71 /* Base */ = {isa = PBXFileReference; lastKnownFileType = file.storyboard; name = Base; path = Base.lproj/Main.storyboard; sourceTree = "<group>"; };
		535867D52A9741CE00FBCA71 /* Assets.xcassets */ = {isa = PBXFileReference; lastKnownFileType = folder.assetcatalog; path = Assets.xcassets; sourceTree = "<group>"; };
		535867D82A9741CE00FBCA71 /* Base */ = {isa = PBXFileReference; lastKnownFileType = file.storyboard; name = Base; path = Base.lproj/LaunchScreen.storyboard; sourceTree = "<group>"; };
		535867DA2A9741CE00FBCA71 /* Info.plist */ = {isa = PBXFileReference; lastKnownFileType = text.plist.xml; path = Info.plist; sourceTree = "<group>"; };
		535867DF2A9741CE00FBCA71 /* ChecklistsTests.xctest */ = {isa = PBXFileReference; explicitFileType = wrapper.cfbundle; includeInIndex = 0; path = ChecklistsTests.xctest; sourceTree = BUILT_PRODUCTS_DIR; };
		535867E32A9741CE00FBCA71 /* ChecklistsTests.swift */ = {isa = PBXFileReference; lastKnownFileType = sourcecode.swift; path = ChecklistsTests.swift; sourceTree = "<group>"; };
		535867E92A9741CE00FBCA71 /* ChecklistsUITests.xctest */ = {isa = PBXFileReference; explicitFileType = wrapper.cfbundle; includeInIndex = 0; path = ChecklistsUITests.xctest; sourceTree = BUILT_PRODUCTS_DIR; };
		535867ED2A9741CE00FBCA71 /* ChecklistsUITests.swift */ = {isa = PBXFileReference; lastKnownFileType = sourcecode.swift; path = ChecklistsUITests.swift; sourceTree = "<group>"; };
		535867EF2A9741CE00FBCA71 /* ChecklistsUITestsLaunchTests.swift */ = {isa = PBXFileReference; lastKnownFileType = sourcecode.swift; path = ChecklistsUITestsLaunchTests.swift; sourceTree = "<group>"; };
		535D36F42A9B3A1E001ADD4A /* AddItemTableViewController.swift */ = {isa = PBXFileReference; lastKnownFileType = sourcecode.swift; path = AddItemTableViewController.swift; sourceTree = "<group>"; };
		53608ADE2A99E7A50071EB5C /* ChecklistItem.swift */ = {isa = PBXFileReference; lastKnownFileType = sourcecode.swift; path = ChecklistItem.swift; sourceTree = "<group>"; };
/* End PBXFileReference section */

/* Begin PBXFrameworksBuildPhase section */
		535867C62A9741CD00FBCA71 /* Frameworks */ = {
			isa = PBXFrameworksBuildPhase;
			buildActionMask = 2147483647;
			files = (
			);
			runOnlyForDeploymentPostprocessing = 0;
		};
		535867DC2A9741CE00FBCA71 /* Frameworks */ = {
			isa = PBXFrameworksBuildPhase;
			buildActionMask = 2147483647;
			files = (
			);
			runOnlyForDeploymentPostprocessing = 0;
		};
		535867E62A9741CE00FBCA71 /* Frameworks */ = {
			isa = PBXFrameworksBuildPhase;
			buildActionMask = 2147483647;
			files = (
			);
			runOnlyForDeploymentPostprocessing = 0;
		};
/* End PBXFrameworksBuildPhase section */

/* Begin PBXGroup section */
		535867C02A9741CD00FBCA71 = {
			isa = PBXGroup;
			children = (
				535867CB2A9741CD00FBCA71 /* Checklists */,
				535867E22A9741CE00FBCA71 /* ChecklistsTests */,
				535867EC2A9741CE00FBCA71 /* ChecklistsUITests */,
				535867CA2A9741CD00FBCA71 /* Products */,
			);
			sourceTree = "<group>";
		};
		535867CA2A9741CD00FBCA71 /* Products */ = {
			isa = PBXGroup;
			children = (
				535867C92A9741CD00FBCA71 /* Checklists.app */,
				535867DF2A9741CE00FBCA71 /* ChecklistsTests.xctest */,
				535867E92A9741CE00FBCA71 /* ChecklistsUITests.xctest */,
			);
			name = Products;
			sourceTree = "<group>";
		};
		535867CB2A9741CD00FBCA71 /* Checklists */ = {
			isa = PBXGroup;
			children = (
				535867CC2A9741CD00FBCA71 /* AppDelegate.swift */,
				535867CE2A9741CD00FBCA71 /* SceneDelegate.swift */,
				535867D02A9741CD00FBCA71 /* ChecklistViewController.swift */,
				535867D22A9741CD00FBCA71 /* Main.storyboard */,
				535867D52A9741CE00FBCA71 /* Assets.xcassets */,
				535867D72A9741CE00FBCA71 /* LaunchScreen.storyboard */,
				535867DA2A9741CE00FBCA71 /* Info.plist */,
				53608ADE2A99E7A50071EB5C /* ChecklistItem.swift */,
				535D36F42A9B3A1E001ADD4A /* AddItemTableViewController.swift */,
			);
			path = Checklists;
			sourceTree = "<group>";
		};
		535867E22A9741CE00FBCA71 /* ChecklistsTests */ = {
			isa = PBXGroup;
			children = (
				535867E32A9741CE00FBCA71 /* ChecklistsTests.swift */,
			);
			path = ChecklistsTests;
			sourceTree = "<group>";
		};
		535867EC2A9741CE00FBCA71 /* ChecklistsUITests */ = {
			isa = PBXGroup;
			children = (
				535867ED2A9741CE00FBCA71 /* ChecklistsUITests.swift */,
				535867EF2A9741CE00FBCA71 /* ChecklistsUITestsLaunchTests.swift */,
			);
			path = ChecklistsUITests;
			sourceTree = "<group>";
		};
/* End PBXGroup section */

/* Begin PBXNativeTarget section */
		535867C82A9741CD00FBCA71 /* Checklists */ = {
			isa = PBXNativeTarget;
			buildConfigurationList = 535867F32A9741CE00FBCA71 /* Build configuration list for PBXNativeTarget "Checklists" */;
			buildPhases = (
				535867C52A9741CD00FBCA71 /* Sources */,
				535867C62A9741CD00FBCA71 /* Frameworks */,
				535867C72A9741CD00FBCA71 /* Resources */,
			);
			buildRules = (
			);
			dependencies = (
			);
			name = Checklists;
			productName = Checklists;
			productReference = 535867C92A9741CD00FBCA71 /* Checklists.app */;
			productType = "com.apple.product-type.application";
		};
		535867DE2A9741CE00FBCA71 /* ChecklistsTests */ = {
			isa = PBXNativeTarget;
			buildConfigurationList = 535867F62A9741CE00FBCA71 /* Build configuration list for PBXNativeTarget "ChecklistsTests" */;
			buildPhases = (
				535867DB2A9741CE00FBCA71 /* Sources */,
				535867DC2A9741CE00FBCA71 /* Frameworks */,
				535867DD2A9741CE00FBCA71 /* Resources */,
			);
			buildRules = (
			);
			dependencies = (
				535867E12A9741CE00FBCA71 /* PBXTargetDependency */,
			);
			name = ChecklistsTests;
			productName = ChecklistsTests;
			productReference = 535867DF2A9741CE00FBCA71 /* ChecklistsTests.xctest */;
			productType = "com.apple.product-type.bundle.unit-test";
		};
		535867E82A9741CE00FBCA71 /* ChecklistsUITests */ = {
			isa = PBXNativeTarget;
			buildConfigurationList = 535867F92A9741CE00FBCA71 /* Build configuration list for PBXNativeTarget "ChecklistsUITests" */;
			buildPhases = (
				535867E52A9741CE00FBCA71 /* Sources */,
				535867E62A9741CE00FBCA71 /* Frameworks */,
				535867E72A9741CE00FBCA71 /* Resources */,
			);
			buildRules = (
			);
			dependencies = (
				535867EB2A9741CE00FBCA71 /* PBXTargetDependency */,
			);
			name = ChecklistsUITests;
			productName = ChecklistsUITests;
			productReference = 535867E92A9741CE00FBCA71 /* ChecklistsUITests.xctest */;
			productType = "com.apple.product-type.bundle.ui-testing";
		};
/* End PBXNativeTarget section */

/* Begin PBXProject section */
		535867C12A9741CD00FBCA71 /* Project object */ = {
			isa = PBXProject;
			attributes = {
				BuildIndependentTargetsInParallel = 1;
				LastSwiftUpdateCheck = 1430;
				LastUpgradeCheck = 1430;
				TargetAttributes = {
					535867C82A9741CD00FBCA71 = {
						CreatedOnToolsVersion = 14.3.1;
					};
					535867DE2A9741CE00FBCA71 = {
						CreatedOnToolsVersion = 14.3.1;
						TestTargetID = 535867C82A9741CD00FBCA71;
					};
					535867E82A9741CE00FBCA71 = {
						CreatedOnToolsVersion = 14.3.1;
						TestTargetID = 535867C82A9741CD00FBCA71;
					};
				};
			};
			buildConfigurationList = 535867C42A9741CD00FBCA71 /* Build configuration list for PBXProject "Checklists" */;
			compatibilityVersion = "Xcode 14.0";
			developmentRegion = en;
			hasScannedForEncodings = 0;
			knownRegions = (
				en,
				Base,
			);
			mainGroup = 535867C02A9741CD00FBCA71;
			productRefGroup = 535867CA2A9741CD00FBCA71 /* Products */;
			projectDirPath = "";
			projectRoot = "";
			targets = (
				535867C82A9741CD00FBCA71 /* Checklists */,
				535867DE2A9741CE00FBCA71 /* ChecklistsTests */,
				535867E82A9741CE00FBCA71 /* ChecklistsUITests */,
			);
		};
/* End PBXProject section */

/* Begin PBXResourcesBuildPhase section */
		535867C72A9741CD00FBCA71 /* Resources */ = {
			isa = PBXResourcesBuildPhase;
			buildActionMask = 2147483647;
			files = (
				535867D92A9741CE00FBCA71 /* LaunchScreen.storyboard in Resources */,
				535867D62A9741CE00FBCA71 /* Assets.xcassets in Resources */,
				535867D42A9741CD00FBCA71 /* Main.storyboard in Resources */,
			);
			runOnlyForDeploymentPostprocessing = 0;
		};
		535867DD2A9741CE00FBCA71 /* Resources */ = {
			isa = PBXResourcesBuildPhase;
			buildActionMask = 2147483647;
			files = (
			);
			runOnlyForDeploymentPostprocessing = 0;
		};
		535867E72A9741CE00FBCA71 /* Resources */ = {
			isa = PBXResourcesBuildPhase;
			buildActionMask = 2147483647;
			files = (
			);
			runOnlyForDeploymentPostprocessing = 0;
		};
/* End PBXResourcesBuildPhase section */

/* Begin PBXSourcesBuildPhase section */
		535867C52A9741CD00FBCA71 /* Sources */ = {
			isa = PBXSourcesBuildPhase;
			buildActionMask = 2147483647;
			files = (
				535867D12A9741CD00FBCA71 /* ChecklistViewController.swift in Sources */,
				535D36F52A9B3A1E001ADD4A /* AddItemTableViewController.swift in Sources */,
				535867CD2A9741CD00FBCA71 /* AppDelegate.swift in Sources */,
				535867CF2A9741CD00FBCA71 /* SceneDelegate.swift in Sources */,
				53608ADF2A99E7A50071EB5C /* ChecklistItem.swift in Sources */,
			);
			runOnlyForDeploymentPostprocessing = 0;
		};
		535867DB2A9741CE00FBCA71 /* Sources */ = {
			isa = PBXSourcesBuildPhase;
			buildActionMask = 2147483647;
			files = (
				535867E42A9741CE00FBCA71 /* ChecklistsTests.swift in Sources */,
			);
			runOnlyForDeploymentPostprocessing = 0;
		};
		535867E52A9741CE00FBCA71 /* Sources */ = {
			isa = PBXSourcesBuildPhase;
			buildActionMask = 2147483647;
			files = (
				535867EE2A9741CE00FBCA71 /* ChecklistsUITests.swift in Sources */,
				535867F02A9741CE00FBCA71 /* ChecklistsUITestsLaunchTests.swift in Sources */,
			);
			runOnlyForDeploymentPostprocessing = 0;
		};
/* End PBXSourcesBuildPhase section */

/* Begin PBXTargetDependency section */
		535867E12A9741CE00FBCA71 /* PBXTargetDependency */ = {
			isa = PBXTargetDependency;
			target = 535867C82A9741CD00FBCA71 /* Checklists */;
			targetProxy = 535867E02A9741CE00FBCA71 /* PBXContainerItemProxy */;
		};
		535867EB2A9741CE00FBCA71 /* PBXTargetDependency */ = {
			isa = PBXTargetDependency;
			target = 535867C82A9741CD00FBCA71 /* Checklists */;
			targetProxy = 535867EA2A9741CE00FBCA71 /* PBXContainerItemProxy */;
		};
/* End PBXTargetDependency section */

/* Begin PBXVariantGroup section */
		535867D22A9741CD00FBCA71 /* Main.storyboard */ = {
			isa = PBXVariantGroup;
			children = (
				535867D32A9741CD00FBCA71 /* Base */,
			);
			name = Main.storyboard;
			sourceTree = "<group>";
		};
		535867D72A9741CE00FBCA71 /* LaunchScreen.storyboard */ = {
			isa = PBXVariantGroup;
			children = (
				535867D82A9741CE00FBCA71 /* Base */,
			);
			name = LaunchScreen.storyboard;
			sourceTree = "<group>";
		};
/* End PBXVariantGroup section */

/* Begin XCBuildConfiguration section */
		535867F12A9741CE00FBCA71 /* Debug */ = {
			isa = XCBuildConfiguration;
			buildSettings = {
				ALWAYS_SEARCH_USER_PATHS = NO;
				CLANG_ANALYZER_NONNULL = YES;
				CLANG_ANALYZER_NUMBER_OBJECT_CONVERSION = YES_AGGRESSIVE;
				CLANG_CXX_LANGUAGE_STANDARD = "gnu++20";
				CLANG_ENABLE_MODULES = YES;
				CLANG_ENABLE_OBJC_ARC = YES;
				CLANG_ENABLE_OBJC_WEAK = YES;
				CLANG_WARN_BLOCK_CAPTURE_AUTORELEASING = YES;
				CLANG_WARN_BOOL_CONVERSION = YES;
				CLANG_WARN_COMMA = YES;
				CLANG_WARN_CONSTANT_CONVERSION = YES;
				CLANG_WARN_DEPRECATED_OBJC_IMPLEMENTATIONS = YES;
				CLANG_WARN_DIRECT_OBJC_ISA_USAGE = YES_ERROR;
				CLANG_WARN_DOCUMENTATION_COMMENTS = YES;
				CLANG_WARN_EMPTY_BODY = YES;
				CLANG_WARN_ENUM_CONVERSION = YES;
				CLANG_WARN_INFINITE_RECURSION = YES;
				CLANG_WARN_INT_CONVERSION = YES;
				CLANG_WARN_NON_LITERAL_NULL_CONVERSION = YES;
				CLANG_WARN_OBJC_IMPLICIT_RETAIN_SELF = YES;
				CLANG_WARN_OBJC_LITERAL_CONVERSION = YES;
				CLANG_WARN_OBJC_ROOT_CLASS = YES_ERROR;
				CLANG_WARN_QUOTED_INCLUDE_IN_FRAMEWORK_HEADER = YES;
				CLANG_WARN_RANGE_LOOP_ANALYSIS = YES;
				CLANG_WARN_STRICT_PROTOTYPES = YES;
				CLANG_WARN_SUSPICIOUS_MOVE = YES;
				CLANG_WARN_UNGUARDED_AVAILABILITY = YES_AGGRESSIVE;
				CLANG_WARN_UNREACHABLE_CODE = YES;
				CLANG_WARN__DUPLICATE_METHOD_MATCH = YES;
				COPY_PHASE_STRIP = NO;
				DEBUG_INFORMATION_FORMAT = dwarf;
				ENABLE_STRICT_OBJC_MSGSEND = YES;
				ENABLE_TESTABILITY = YES;
				GCC_C_LANGUAGE_STANDARD = gnu11;
				GCC_DYNAMIC_NO_PIC = NO;
				GCC_NO_COMMON_BLOCKS = YES;
				GCC_OPTIMIZATION_LEVEL = 0;
				GCC_PREPROCESSOR_DEFINITIONS = (
					"DEBUG=1",
					"$(inherited)",
				);
				GCC_WARN_64_TO_32_BIT_CONVERSION = YES;
				GCC_WARN_ABOUT_RETURN_TYPE = YES_ERROR;
				GCC_WARN_UNDECLARED_SELECTOR = YES;
				GCC_WARN_UNINITIALIZED_AUTOS = YES_AGGRESSIVE;
				GCC_WARN_UNUSED_FUNCTION = YES;
				GCC_WARN_UNUSED_VARIABLE = YES;
				IPHONEOS_DEPLOYMENT_TARGET = 16.4;
				MTL_ENABLE_DEBUG_INFO = INCLUDE_SOURCE;
				MTL_FAST_MATH = YES;
				ONLY_ACTIVE_ARCH = YES;
				SDKROOT = iphoneos;
				SWIFT_ACTIVE_COMPILATION_CONDITIONS = DEBUG;
				SWIFT_OPTIMIZATION_LEVEL = "-Onone";
			};
			name = Debug;
		};
		535867F22A9741CE00FBCA71 /* Release */ = {
			isa = XCBuildConfiguration;
			buildSettings = {
				ALWAYS_SEARCH_USER_PATHS = NO;
				CLANG_ANALYZER_NONNULL = YES;
				CLANG_ANALYZER_NUMBER_OBJECT_CONVERSION = YES_AGGRESSIVE;
				CLANG_CXX_LANGUAGE_STANDARD = "gnu++20";
				CLANG_ENABLE_MODULES = YES;
				CLANG_ENABLE_OBJC_ARC = YES;
				CLANG_ENABLE_OBJC_WEAK = YES;
				CLANG_WARN_BLOCK_CAPTURE_AUTORELEASING = YES;
				CLANG_WARN_BOOL_CONVERSION = YES;
				CLANG_WARN_COMMA = YES;
				CLANG_WARN_CONSTANT_CONVERSION = YES;
				CLANG_WARN_DEPRECATED_OBJC_IMPLEMENTATIONS = YES;
				CLANG_WARN_DIRECT_OBJC_ISA_USAGE = YES_ERROR;
				CLANG_WARN_DOCUMENTATION_COMMENTS = YES;
				CLANG_WARN_EMPTY_BODY = YES;
				CLANG_WARN_ENUM_CONVERSION = YES;
				CLANG_WARN_INFINITE_RECURSION = YES;
				CLANG_WARN_INT_CONVERSION = YES;
				CLANG_WARN_NON_LITERAL_NULL_CONVERSION = YES;
				CLANG_WARN_OBJC_IMPLICIT_RETAIN_SELF = YES;
				CLANG_WARN_OBJC_LITERAL_CONVERSION = YES;
				CLANG_WARN_OBJC_ROOT_CLASS = YES_ERROR;
				CLANG_WARN_QUOTED_INCLUDE_IN_FRAMEWORK_HEADER = YES;
				CLANG_WARN_RANGE_LOOP_ANALYSIS = YES;
				CLANG_WARN_STRICT_PROTOTYPES = YES;
				CLANG_WARN_SUSPICIOUS_MOVE = YES;
				CLANG_WARN_UNGUARDED_AVAILABILITY = YES_AGGRESSIVE;
				CLANG_WARN_UNREACHABLE_CODE = YES;
				CLANG_WARN__DUPLICATE_METHOD_MATCH = YES;
				COPY_PHASE_STRIP = NO;
				DEBUG_INFORMATION_FORMAT = "dwarf-with-dsym";
				ENABLE_NS_ASSERTIONS = NO;
				ENABLE_STRICT_OBJC_MSGSEND = YES;
				GCC_C_LANGUAGE_STANDARD = gnu11;
				GCC_NO_COMMON_BLOCKS = YES;
				GCC_WARN_64_TO_32_BIT_CONVERSION = YES;
				GCC_WARN_ABOUT_RETURN_TYPE = YES_ERROR;
				GCC_WARN_UNDECLARED_SELECTOR = YES;
				GCC_WARN_UNINITIALIZED_AUTOS = YES_AGGRESSIVE;
				GCC_WARN_UNUSED_FUNCTION = YES;
				GCC_WARN_UNUSED_VARIABLE = YES;
				IPHONEOS_DEPLOYMENT_TARGET = 16.4;
				MTL_ENABLE_DEBUG_INFO = NO;
				MTL_FAST_MATH = YES;
				SDKROOT = iphoneos;
				SWIFT_COMPILATION_MODE = wholemodule;
				SWIFT_OPTIMIZATION_LEVEL = "-O";
				VALIDATE_PRODUCT = YES;
			};
			name = Release;
		};
		535867F42A9741CE00FBCA71 /* Debug */ = {
			isa = XCBuildConfiguration;
			buildSettings = {
				ASSETCATALOG_COMPILER_APPICON_NAME = AppIcon;
				ASSETCATALOG_COMPILER_GLOBAL_ACCENT_COLOR_NAME = AccentColor;
				CODE_SIGN_STYLE = Automatic;
				CURRENT_PROJECT_VERSION = 1;
				GENERATE_INFOPLIST_FILE = YES;
				INFOPLIST_FILE = Checklists/Info.plist;
				INFOPLIST_KEY_UIApplicationSupportsIndirectInputEvents = YES;
				INFOPLIST_KEY_UILaunchStoryboardName = LaunchScreen;
				INFOPLIST_KEY_UIMainStoryboardFile = Main;
				INFOPLIST_KEY_UISupportedInterfaceOrientations_iPad = "UIInterfaceOrientationPortrait UIInterfaceOrientationPortraitUpsideDown UIInterfaceOrientationLandscapeLeft UIInterfaceOrientationLandscapeRight";
				INFOPLIST_KEY_UISupportedInterfaceOrientations_iPhone = "UIInterfaceOrientationPortrait UIInterfaceOrientationLandscapeLeft UIInterfaceOrientationLandscapeRight";
				LD_RUNPATH_SEARCH_PATHS = (
					"$(inherited)",
					"@executable_path/Frameworks",
				);
				MARKETING_VERSION = 1.0;
				PRODUCT_BUNDLE_IDENTIFIER = FernandezJames.Checklists;
				PRODUCT_NAME = "$(TARGET_NAME)";
				SWIFT_EMIT_LOC_STRINGS = YES;
				SWIFT_VERSION = 5.0;
				TARGETED_DEVICE_FAMILY = "1,2";
			};
			name = Debug;
		};
		535867F52A9741CE00FBCA71 /* Release */ = {
			isa = XCBuildConfiguration;
			buildSettings = {
				ASSETCATALOG_COMPILER_APPICON_NAME = AppIcon;
				ASSETCATALOG_COMPILER_GLOBAL_ACCENT_COLOR_NAME = AccentColor;
				CODE_SIGN_STYLE = Automatic;
				CURRENT_PROJECT_VERSION = 1;
				GENERATE_INFOPLIST_FILE = YES;
				INFOPLIST_FILE = Checklists/Info.plist;
				INFOPLIST_KEY_UIApplicationSupportsIndirectInputEvents = YES;
				INFOPLIST_KEY_UILaunchStoryboardName = LaunchScreen;
				INFOPLIST_KEY_UIMainStoryboardFile = Main;
				INFOPLIST_KEY_UISupportedInterfaceOrientations_iPad = "UIInterfaceOrientationPortrait UIInterfaceOrientationPortraitUpsideDown UIInterfaceOrientationLandscapeLeft UIInterfaceOrientationLandscapeRight";
				INFOPLIST_KEY_UISupportedInterfaceOrientations_iPhone = "UIInterfaceOrientationPortrait UIInterfaceOrientationLandscapeLeft UIInterfaceOrientationLandscapeRight";
				LD_RUNPATH_SEARCH_PATHS = (
					"$(inherited)",
					"@executable_path/Frameworks",
				);
				MARKETING_VERSION = 1.0;
				PRODUCT_BUNDLE_IDENTIFIER = FernandezJames.Checklists;
				PRODUCT_NAME = "$(TARGET_NAME)";
				SWIFT_EMIT_LOC_STRINGS = YES;
				SWIFT_VERSION = 5.0;
				TARGETED_DEVICE_FAMILY = "1,2";
			};
			name = Release;
		};
		535867F72A9741CE00FBCA71 /* Debug */ = {
			isa = XCBuildConfiguration;
			buildSettings = {
				ALWAYS_EMBED_SWIFT_STANDARD_LIBRARIES = YES;
				BUNDLE_LOADER = "$(TEST_HOST)";
				CODE_SIGN_STYLE = Automatic;
				CURRENT_PROJECT_VERSION = 1;
				GENERATE_INFOPLIST_FILE = YES;
				IPHONEOS_DEPLOYMENT_TARGET = 16.4;
				MARKETING_VERSION = 1.0;
				PRODUCT_BUNDLE_IDENTIFIER = FernandezJames.ChecklistsTests;
				PRODUCT_NAME = "$(TARGET_NAME)";
				SWIFT_EMIT_LOC_STRINGS = NO;
				SWIFT_VERSION = 5.0;
				TARGETED_DEVICE_FAMILY = "1,2";
				TEST_HOST = "$(BUILT_PRODUCTS_DIR)/Checklists.app/$(BUNDLE_EXECUTABLE_FOLDER_PATH)/Checklists";
			};
			name = Debug;
		};
		535867F82A9741CE00FBCA71 /* Release */ = {
			isa = XCBuildConfiguration;
			buildSettings = {
				ALWAYS_EMBED_SWIFT_STANDARD_LIBRARIES = YES;
				BUNDLE_LOADER = "$(TEST_HOST)";
				CODE_SIGN_STYLE = Automatic;
				CURRENT_PROJECT_VERSION = 1;
				GENERATE_INFOPLIST_FILE = YES;
				IPHONEOS_DEPLOYMENT_TARGET = 16.4;
				MARKETING_VERSION = 1.0;
				PRODUCT_BUNDLE_IDENTIFIER = FernandezJames.ChecklistsTests;
				PRODUCT_NAME = "$(TARGET_NAME)";
				SWIFT_EMIT_LOC_STRINGS = NO;
				SWIFT_VERSION = 5.0;
				TARGETED_DEVICE_FAMILY = "1,2";
				TEST_HOST = "$(BUILT_PRODUCTS_DIR)/Checklists.app/$(BUNDLE_EXECUTABLE_FOLDER_PATH)/Checklists";
			};
			name = Release;
		};
		535867FA2A9741CE00FBCA71 /* Debug */ = {
			isa = XCBuildConfiguration;
			buildSettings = {
				ALWAYS_EMBED_SWIFT_STANDARD_LIBRARIES = YES;
				CODE_SIGN_STYLE = Automatic;
				CURRENT_PROJECT_VERSION = 1;
				GENERATE_INFOPLIST_FILE = YES;
				MARKETING_VERSION = 1.0;
				PRODUCT_BUNDLE_IDENTIFIER = FernandezJames.ChecklistsUITests;
				PRODUCT_NAME = "$(TARGET_NAME)";
				SWIFT_EMIT_LOC_STRINGS = NO;
				SWIFT_VERSION = 5.0;
				TARGETED_DEVICE_FAMILY = "1,2";
				TEST_TARGET_NAME = Checklists;
			};
			name = Debug;
		};
		535867FB2A9741CE00FBCA71 /* Release */ = {
			isa = XCBuildConfiguration;
			buildSettings = {
				ALWAYS_EMBED_SWIFT_STANDARD_LIBRARIES = YES;
				CODE_SIGN_STYLE = Automatic;
				CURRENT_PROJECT_VERSION = 1;
				GENERATE_INFOPLIST_FILE = YES;
				MARKETING_VERSION = 1.0;
				PRODUCT_BUNDLE_IDENTIFIER = FernandezJames.ChecklistsUITests;
				PRODUCT_NAME = "$(TARGET_NAME)";
				SWIFT_EMIT_LOC_STRINGS = NO;
				SWIFT_VERSION = 5.0;
				TARGETED_DEVICE_FAMILY = "1,2";
				TEST_TARGET_NAME = Checklists;
			};
			name = Release;
		};
/* End XCBuildConfiguration section */

/* Begin XCConfigurationList section */
		535867C42A9741CD00FBCA71 /* Build configuration list for PBXProject "Checklists" */ = {
			isa = XCConfigurationList;
			buildConfigurations = (
				535867F12A9741CE00FBCA71 /* Debug */,
				535867F22A9741CE00FBCA71 /* Release */,
			);
			defaultConfigurationIsVisible = 0;
			defaultConfigurationName = Release;
		};
		535867F32A9741CE00FBCA71 /* Build configuration list for PBXNativeTarget "Checklists" */ = {
			isa = XCConfigurationList;
			buildConfigurations = (
				535867F42A9741CE00FBCA71 /* Debug */,
				535867F52A9741CE00FBCA71 /* Release */,
			);
			defaultConfigurationIsVisible = 0;
			defaultConfigurationName = Release;
		};
		535867F62A9741CE00FBCA71 /* Build configuration list for PBXNativeTarget "ChecklistsTests" */ = {
			isa = XCConfigurationList;
			buildConfigurations = (
				535867F72A9741CE00FBCA71 /* Debug */,
				535867F82A9741CE00FBCA71 /* Release */,
			);
			defaultConfigurationIsVisible = 0;
			defaultConfigurationName = Release;
		};
		535867F92A9741CE00FBCA71 /* Build configuration list for PBXNativeTarget "ChecklistsUITests" */ = {
			isa = XCConfigurationList;
			buildConfigurations = (
				535867FA2A9741CE00FBCA71 /* Debug */,
				535867FB2A9741CE00FBCA71 /* Release */,
			);
			defaultConfigurationIsVisible = 0;
			defaultConfigurationName = Release;
		};
/* End XCConfigurationList section */
	};
	rootObject = 535867C12A9741CD00FBCA71 /* Project object */;
}
